
Microsoft Visual Studio Solution File, Format Version 12.00
# Visual Studio 15
VisualStudioVersion = 15.0.28307.1062
MinimumVisualStudioVersion = 10.0.40219.1
Project("{FAE04EC0-301F-11D3-BF4B-00C04F79EFBC}") = "Restaurant", "Restaurant\Restaurant.csproj", "{BAA6F682-F33E-4A4A-A4A7-66A7D494335C}"
EndProject
Global
	GlobalSection(SolutionConfigurationPlatforms) = preSolution
		Debug|Any CPU = Debug|Any CPU
		Release|Any CPU = Release|Any CPU
	EndGlobalSection
	GlobalSection(ProjectConfigurationPlatforms) = postSolution
		{BAA6F682-F33E-4A4A-A4A7-66A7D494335C}.Debug|Any CPU.ActiveCfg = Debug|Any CPU
		{BAA6F682-F33E-4A4A-A4A7-66A7D494335C}.Debug|Any CPU.Build.0 = Debug|Any CPU
		{BAA6F682-F33E-4A4A-A4A7-66A7D494335C}.Release|Any CPU.ActiveCfg = Release|Any CPU
		{BAA6F682-F33E-4A4A-A4A7-66A7D494335C}.Release|Any CPU.Build.0 = Release|Any CPU
	EndGlobalSection
	GlobalSection(SolutionProperties) = preSolution
		HideSolutionNode = FALSE
	EndGlobalSection
	GlobalSection(ExtensibilityGlobals) = postSolution
		SolutionGuid = {B456378C-1F11-4B16-9871-1AB879FAE58B}
	EndGlobalSection
EndGlobal
